
Microsoft Visual Studio Solution File, Format Version 12.00
# Visual Studio Version 16
VisualStudioVersion = 16.0.29230.47
MinimumVisualStudioVersion = 10.0.40219.1
Project("{FAE04EC0-301F-11D3-BF4B-00C04F79EFBC}") = "Asg2-apj180001", "Asg2-apj180001\Asg2-apj180001.csproj", "{9C0208DB-9DC1-437B-B6F8-E3146F41F41D}"
EndProject
Global
	GlobalSection(SolutionConfigurationPlatforms) = preSolution
		Debug|Any CPU = Debug|Any CPU
		Release|Any CPU = Release|Any CPU
	EndGlobalSection
	GlobalSection(ProjectConfigurationPlatforms) = postSolution
		{9C0208DB-9DC1-437B-B6F8-E3146F41F41D}.Debug|Any CPU.ActiveCfg = Debug|Any CPU
		{9C0208DB-9DC1-437B-B6F8-E3146F41F41D}.Debug|Any CPU.Build.0 = Debug|Any CPU
		{9C0208DB-9DC1-437B-B6F8-E3146F41F41D}.Release|Any CPU.ActiveCfg = Release|Any CPU
		{9C0208DB-9DC1-437B-B6F8-E3146F41F41D}.Release|Any CPU.Build.0 = Release|Any CPU
	EndGlobalSection
	GlobalSection(SolutionProperties) = preSolution
		HideSolutionNode = FALSE
	EndGlobalSection
	GlobalSection(ExtensibilityGlobals) = postSolution
		SolutionGuid = {C6CD4E68-2FB8-46DA-A349-F7CCDA3C0202}
	EndGlobalSection
EndGlobal
